// !$*UTF8*$!
{
	archiveVersion = 1;
	classes = {
	};
	objectVersion = 55;
	objects = {

/* Begin PBXBuildFile section */
		7F42A13127CFA9320059316C /* LBTASwiftUIFirebaseChatApp.swift in Sources */ = {isa = PBXBuildFile; fileRef = 7F42A13027CFA9320059316C /* LBTASwiftUIFirebaseChatApp.swift */; };
		7F42A13327CFA9320059316C /* ContentView.swift in Sources */ = {isa = PBXBuildFile; fileRef = 7F42A13227CFA9320059316C /* ContentView.swift */; };
		7F42A13527CFA9330059316C /* Assets.xcassets in Resources */ = {isa = PBXBuildFile; fileRef = 7F42A13427CFA9330059316C /* Assets.xcassets */; };
		7F42A13827CFA9330059316C /* Preview Assets.xcassets in Resources */ = {isa = PBXBuildFile; fileRef = 7F42A13727CFA9330059316C /* Preview Assets.xcassets */; };
		7F42A14227CFA9330059316C /* LBTASwiftUIFirebaseChatTests.swift in Sources */ = {isa = PBXBuildFile; fileRef = 7F42A14127CFA9330059316C /* LBTASwiftUIFirebaseChatTests.swift */; };
		7F42A14C27CFA9330059316C /* LBTASwiftUIFirebaseChatUITests.swift in Sources */ = {isa = PBXBuildFile; fileRef = 7F42A14B27CFA9330059316C /* LBTASwiftUIFirebaseChatUITests.swift */; };
		7F42A14E27CFA9330059316C /* LBTASwiftUIFirebaseChatUITestsLaunchTests.swift in Sources */ = {isa = PBXBuildFile; fileRef = 7F42A14D27CFA9330059316C /* LBTASwiftUIFirebaseChatUITestsLaunchTests.swift */; };
/* End PBXBuildFile section */

/* Begin PBXContainerItemProxy section */
		7F42A13E27CFA9330059316C /* PBXContainerItemProxy */ = {
			isa = PBXContainerItemProxy;
			containerPortal = 7F42A12527CFA9320059316C /* Project object */;
			proxyType = 1;
			remoteGlobalIDString = 7F42A12C27CFA9320059316C;
			remoteInfo = LBTASwiftUIFirebaseChat;
		};
		7F42A14827CFA9330059316C /* PBXContainerItemProxy */ = {
			isa = PBXContainerItemProxy;
			containerPortal = 7F42A12527CFA9320059316C /* Project object */;
			proxyType = 1;
			remoteGlobalIDString = 7F42A12C27CFA9320059316C;
			remoteInfo = LBTASwiftUIFirebaseChat;
		};
/* End PBXContainerItemProxy section */

/* Begin PBXFileReference section */
		7F42A12D27CFA9320059316C /* LBTASwiftUIFirebaseChat.app */ = {isa = PBXFileReference; explicitFileType = wrapper.application; includeInIndex = 0; path = LBTASwiftUIFirebaseChat.app; sourceTree = BUILT_PRODUCTS_DIR; };
		7F42A13027CFA9320059316C /* LBTASwiftUIFirebaseChatApp.swift */ = {isa = PBXFileReference; lastKnownFileType = sourcecode.swift; path = LBTASwiftUIFirebaseChatApp.swift; sourceTree = "<group>"; };
		7F42A13227CFA9320059316C /* ContentView.swift */ = {isa = PBXFileReference; lastKnownFileType = sourcecode.swift; path = ContentView.swift; sourceTree = "<group>"; };
		7F42A13427CFA9330059316C /* Assets.xcassets */ = {isa = PBXFileReference; lastKnownFileType = folder.assetcatalog; path = Assets.xcassets; sourceTree = "<group>"; };
		7F42A13727CFA9330059316C /* Preview Assets.xcassets */ = {isa = PBXFileReference; lastKnownFileType = folder.assetcatalog; path = "Preview Assets.xcassets"; sourceTree = "<group>"; };
		7F42A13D27CFA9330059316C /* LBTASwiftUIFirebaseChatTests.xctest */ = {isa = PBXFileReference; explicitFileType = wrapper.cfbundle; includeInIndex = 0; path = LBTASwiftUIFirebaseChatTests.xctest; sourceTree = BUILT_PRODUCTS_DIR; };
		7F42A14127CFA9330059316C /* LBTASwiftUIFirebaseChatTests.swift */ = {isa = PBXFileReference; lastKnownFileType = sourcecode.swift; path = LBTASwiftUIFirebaseChatTests.swift; sourceTree = "<group>"; };
		7F42A14727CFA9330059316C /* LBTASwiftUIFirebaseChatUITests.xctest */ = {isa = PBXFileReference; explicitFileType = wrapper.cfbundle; includeInIndex = 0; path = LBTASwiftUIFirebaseChatUITests.xctest; sourceTree = BUILT_PRODUCTS_DIR; };
		7F42A14B27CFA9330059316C /* LBTASwiftUIFirebaseChatUITests.swift */ = {isa = PBXFileReference; lastKnownFileType = sourcecode.swift; path = LBTASwiftUIFirebaseChatUITests.swift; sourceTree = "<group>"; };
		7F42A14D27CFA9330059316C /* LBTASwiftUIFirebaseChatUITestsLaunchTests.swift */ = {isa = PBXFileReference; lastKnownFileType = sourcecode.swift; path = LBTASwiftUIFirebaseChatUITestsLaunchTests.swift; sourceTree = "<group>"; };
/* End PBXFileReference section */

/* Begin PBXFrameworksBuildPhase section */
		7F42A12A27CFA9320059316C /* Frameworks */ = {
			isa = PBXFrameworksBuildPhase;
			buildActionMask = 2147483647;
			files = (
			);
			runOnlyForDeploymentPostprocessing = 0;
		};
		7F42A13A27CFA9330059316C /* Frameworks */ = {
			isa = PBXFrameworksBuildPhase;
			buildActionMask = 2147483647;
			files = (
			);
			runOnlyForDeploymentPostprocessing = 0;
		};
		7F42A14427CFA9330059316C /* Frameworks */ = {
			isa = PBXFrameworksBuildPhase;
			buildActionMask = 2147483647;
			files = (
			);
			runOnlyForDeploymentPostprocessing = 0;
		};
/* End PBXFrameworksBuildPhase section */

/* Begin PBXGroup section */
		7F42A12427CFA9320059316C = {
			isa = PBXGroup;
			children = (
				7F42A12F27CFA9320059316C /* LBTASwiftUIFirebaseChat */,
				7F42A14027CFA9330059316C /* LBTASwiftUIFirebaseChatTests */,
				7F42A14A27CFA9330059316C /* LBTASwiftUIFirebaseChatUITests */,
				7F42A12E27CFA9320059316C /* Products */,
			);
			sourceTree = "<group>";
		};
		7F42A12E27CFA9320059316C /* Products */ = {
			isa = PBXGroup;
			children = (
				7F42A12D27CFA9320059316C /* LBTASwiftUIFirebaseChat.app */,
				7F42A13D27CFA9330059316C /* LBTASwiftUIFirebaseChatTests.xctest */,
				7F42A14727CFA9330059316C /* LBTASwiftUIFirebaseChatUITests.xctest */,
			);
			name = Products;
			sourceTree = "<group>";
		};
		7F42A12F27CFA9320059316C /* LBTASwiftUIFirebaseChat */ = {
			isa = PBXGroup;
			children = (
				7F42A13027CFA9320059316C /* LBTASwiftUIFirebaseChatApp.swift */,
				7F42A13227CFA9320059316C /* ContentView.swift */,
				7F42A13427CFA9330059316C /* Assets.xcassets */,
				7F42A13627CFA9330059316C /* Preview Content */,
			);
			path = LBTASwiftUIFirebaseChat;
			sourceTree = "<group>";
		};
		7F42A13627CFA9330059316C /* Preview Content */ = {
			isa = PBXGroup;
			children = (
				7F42A13727CFA9330059316C /* Preview Assets.xcassets */,
			);
			path = "Preview Content";
			sourceTree = "<group>";
		};
		7F42A14027CFA9330059316C /* LBTASwiftUIFirebaseChatTests */ = {
			isa = PBXGroup;
			children = (
				7F42A14127CFA9330059316C /* LBTASwiftUIFirebaseChatTests.swift */,
			);
			path = LBTASwiftUIFirebaseChatTests;
			sourceTree = "<group>";
		};
		7F42A14A27CFA9330059316C /* LBTASwiftUIFirebaseChatUITests */ = {
			isa = PBXGroup;
			children = (
				7F42A14B27CFA9330059316C /* LBTASwiftUIFirebaseChatUITests.swift */,
				7F42A14D27CFA9330059316C /* LBTASwiftUIFirebaseChatUITestsLaunchTests.swift */,
			);
			path = LBTASwiftUIFirebaseChatUITests;
			sourceTree = "<group>";
		};
/* End PBXGroup section */

/* Begin PBXNativeTarget section */
		7F42A12C27CFA9320059316C /* LBTASwiftUIFirebaseChat */ = {
			isa = PBXNativeTarget;
			buildConfigurationList = 7F42A15127CFA9330059316C /* Build configuration list for PBXNativeTarget "LBTASwiftUIFirebaseChat" */;
			buildPhases = (
				7F42A12927CFA9320059316C /* Sources */,
				7F42A12A27CFA9320059316C /* Frameworks */,
				7F42A12B27CFA9320059316C /* Resources */,
			);
			buildRules = (
			);
			dependencies = (
			);
			name = LBTASwiftUIFirebaseChat;
			productName = LBTASwiftUIFirebaseChat;
			productReference = 7F42A12D27CFA9320059316C /* LBTASwiftUIFirebaseChat.app */;
			productType = "com.apple.product-type.application";
		};
		7F42A13C27CFA9330059316C /* LBTASwiftUIFirebaseChatTests */ = {
			isa = PBXNativeTarget;
			buildConfigurationList = 7F42A15427CFA9330059316C /* Build configuration list for PBXNativeTarget "LBTASwiftUIFirebaseChatTests" */;
			buildPhases = (
				7F42A13927CFA9330059316C /* Sources */,
				7F42A13A27CFA9330059316C /* Frameworks */,
				7F42A13B27CFA9330059316C /* Resources */,
			);
			buildRules = (
			);
			dependencies = (
				7F42A13F27CFA9330059316C /* PBXTargetDependency */,
			);
			name = LBTASwiftUIFirebaseChatTests;
			productName = LBTASwiftUIFirebaseChatTests;
			productReference = 7F42A13D27CFA9330059316C /* LBTASwiftUIFirebaseChatTests.xctest */;
			productType = "com.apple.product-type.bundle.unit-test";
		};
		7F42A14627CFA9330059316C /* LBTASwiftUIFirebaseChatUITests */ = {
			isa = PBXNativeTarget;
			buildConfigurationList = 7F42A15727CFA9330059316C /* Build configuration list for PBXNativeTarget "LBTASwiftUIFirebaseChatUITests" */;
			buildPhases = (
				7F42A14327CFA9330059316C /* Sources */,
				7F42A14427CFA9330059316C /* Frameworks */,
				7F42A14527CFA9330059316C /* Resources */,
			);
			buildRules = (
			);
			dependencies = (
				7F42A14927CFA9330059316C /* PBXTargetDependency */,
			);
			name = LBTASwiftUIFirebaseChatUITests;
			productName = LBTASwiftUIFirebaseChatUITests;
			productReference = 7F42A14727CFA9330059316C /* LBTASwiftUIFirebaseChatUITests.xctest */;
			productType = "com.apple.product-type.bundle.ui-testing";
		};
/* End PBXNativeTarget section */

/* Begin PBXProject section */
		7F42A12527CFA9320059316C /* Project object */ = {
			isa = PBXProject;
			attributes = {
				BuildIndependentTargetsInParallel = 1;
				LastSwiftUpdateCheck = 1310;
				LastUpgradeCheck = 1310;
				TargetAttributes = {
					7F42A12C27CFA9320059316C = {
						CreatedOnToolsVersion = 13.1;
					};
					7F42A13C27CFA9330059316C = {
						CreatedOnToolsVersion = 13.1;
						TestTargetID = 7F42A12C27CFA9320059316C;
					};
					7F42A14627CFA9330059316C = {
						CreatedOnToolsVersion = 13.1;
						TestTargetID = 7F42A12C27CFA9320059316C;
					};
				};
			};
			buildConfigurationList = 7F42A12827CFA9320059316C /* Build configuration list for PBXProject "LBTASwiftUIFirebaseChat" */;
			compatibilityVersion = "Xcode 13.0";
			developmentRegion = en;
			hasScannedForEncodings = 0;
			knownRegions = (
				en,
				Base,
			);
			mainGroup = 7F42A12427CFA9320059316C;
			productRefGroup = 7F42A12E27CFA9320059316C /* Products */;
			projectDirPath = "";
			projectRoot = "";
			targets = (
				7F42A12C27CFA9320059316C /* LBTASwiftUIFirebaseChat */,
				7F42A13C27CFA9330059316C /* LBTASwiftUIFirebaseChatTests */,
				7F42A14627CFA9330059316C /* LBTASwiftUIFirebaseChatUITests */,
			);
		};
/* End PBXProject section */

/* Begin PBXResourcesBuildPhase section */
		7F42A12B27CFA9320059316C /* Resources */ = {
			isa = PBXResourcesBuildPhase;
			buildActionMask = 2147483647;
			files = (
				7F42A13827CFA9330059316C /* Preview Assets.xcassets in Resources */,
				7F42A13527CFA9330059316C /* Assets.xcassets in Resources */,
			);
			runOnlyForDeploymentPostprocessing = 0;
		};
		7F42A13B27CFA9330059316C /* Resources */ = {
			isa = PBXResourcesBuildPhase;
			buildActionMask = 2147483647;
			files = (
			);
			runOnlyForDeploymentPostprocessing = 0;
		};
		7F42A14527CFA9330059316C /* Resources */ = {
			isa = PBXResourcesBuildPhase;
			buildActionMask = 2147483647;
			files = (
			);
			runOnlyForDeploymentPostprocessing = 0;
		};
/* End PBXResourcesBuildPhase section */

/* Begin PBXSourcesBuildPhase section */
		7F42A12927CFA9320059316C /* Sources */ = {
			isa = PBXSourcesBuildPhase;
			buildActionMask = 2147483647;
			files = (
				7F42A13327CFA9320059316C /* ContentView.swift in Sources */,
				7F42A13127CFA9320059316C /* LBTASwiftUIFirebaseChatApp.swift in Sources */,
			);
			runOnlyForDeploymentPostprocessing = 0;
		};
		7F42A13927CFA9330059316C /* Sources */ = {
			isa = PBXSourcesBuildPhase;
			buildActionMask = 2147483647;
			files = (
				7F42A14227CFA9330059316C /* LBTASwiftUIFirebaseChatTests.swift in Sources */,
			);
			runOnlyForDeploymentPostprocessing = 0;
		};
		7F42A14327CFA9330059316C /* Sources */ = {
			isa = PBXSourcesBuildPhase;
			buildActionMask = 2147483647;
			files = (
				7F42A14E27CFA9330059316C /* LBTASwiftUIFirebaseChatUITestsLaunchTests.swift in Sources */,
				7F42A14C27CFA9330059316C /* LBTASwiftUIFirebaseChatUITests.swift in Sources */,
			);
			runOnlyForDeploymentPostprocessing = 0;
		};
/* End PBXSourcesBuildPhase section */

/* Begin PBXTargetDependency section */
		7F42A13F27CFA9330059316C /* PBXTargetDependency */ = {
			isa = PBXTargetDependency;
			target = 7F42A12C27CFA9320059316C /* LBTASwiftUIFirebaseChat */;
			targetProxy = 7F42A13E27CFA9330059316C /* PBXContainerItemProxy */;
		};
		7F42A14927CFA9330059316C /* PBXTargetDependency */ = {
			isa = PBXTargetDependency;
			target = 7F42A12C27CFA9320059316C /* LBTASwiftUIFirebaseChat */;
			targetProxy = 7F42A14827CFA9330059316C /* PBXContainerItemProxy */;
		};
/* End PBXTargetDependency section */

/* Begin XCBuildConfiguration section */
		7F42A14F27CFA9330059316C /* Debug */ = {
			isa = XCBuildConfiguration;
			buildSettings = {
				ALWAYS_SEARCH_USER_PATHS = NO;
				CLANG_ANALYZER_NONNULL = YES;
				CLANG_ANALYZER_NUMBER_OBJECT_CONVERSION = YES_AGGRESSIVE;
				CLANG_CXX_LANGUAGE_STANDARD = "gnu++17";
				CLANG_CXX_LIBRARY = "libc++";
				CLANG_ENABLE_MODULES = YES;
				CLANG_ENABLE_OBJC_ARC = YES;
				CLANG_ENABLE_OBJC_WEAK = YES;
				CLANG_WARN_BLOCK_CAPTURE_AUTORELEASING = YES;
				CLANG_WARN_BOOL_CONVERSION = YES;
				CLANG_WARN_COMMA = YES;
				CLANG_WARN_CONSTANT_CONVERSION = YES;
				CLANG_WARN_DEPRECATED_OBJC_IMPLEMENTATIONS = YES;
				CLANG_WARN_DIRECT_OBJC_ISA_USAGE = YES_ERROR;
				CLANG_WARN_DOCUMENTATION_COMMENTS = YES;
				CLANG_WARN_EMPTY_BODY = YES;
				CLANG_WARN_ENUM_CONVERSION = YES;
				CLANG_WARN_INFINITE_RECURSION = YES;
				CLANG_WARN_INT_CONVERSION = YES;
				CLANG_WARN_NON_LITERAL_NULL_CONVERSION = YES;
				CLANG_WARN_OBJC_IMPLICIT_RETAIN_SELF = YES;
				CLANG_WARN_OBJC_LITERAL_CONVERSION = YES;
				CLANG_WARN_OBJC_ROOT_CLASS = YES_ERROR;
				CLANG_WARN_QUOTED_INCLUDE_IN_FRAMEWORK_HEADER = YES;
				CLANG_WARN_RANGE_LOOP_ANALYSIS = YES;
				CLANG_WARN_STRICT_PROTOTYPES = YES;
				CLANG_WARN_SUSPICIOUS_MOVE = YES;
				CLANG_WARN_UNGUARDED_AVAILABILITY = YES_AGGRESSIVE;
				CLANG_WARN_UNREACHABLE_CODE = YES;
				CLANG_WARN__DUPLICATE_METHOD_MATCH = YES;
				COPY_PHASE_STRIP = NO;
				DEBUG_INFORMATION_FORMAT = dwarf;
				ENABLE_STRICT_OBJC_MSGSEND = YES;
				ENABLE_TESTABILITY = YES;
				GCC_C_LANGUAGE_STANDARD = gnu11;
				GCC_DYNAMIC_NO_PIC = NO;
				GCC_NO_COMMON_BLOCKS = YES;
				GCC_OPTIMIZATION_LEVEL = 0;
				GCC_PREPROCESSOR_DEFINITIONS = (
					"DEBUG=1",
					"$(inherited)",
				);
				GCC_WARN_64_TO_32_BIT_CONVERSION = YES;
				GCC_WARN_ABOUT_RETURN_TYPE = YES_ERROR;
				GCC_WARN_UNDECLARED_SELECTOR = YES;
				GCC_WARN_UNINITIALIZED_AUTOS = YES_AGGRESSIVE;
				GCC_WARN_UNUSED_FUNCTION = YES;
				GCC_WARN_UNUSED_VARIABLE = YES;
				IPHONEOS_DEPLOYMENT_TARGET = 15.0;
				MTL_ENABLE_DEBUG_INFO = INCLUDE_SOURCE;
				MTL_FAST_MATH = YES;
				ONLY_ACTIVE_ARCH = YES;
				SDKROOT = iphoneos;
				SWIFT_ACTIVE_COMPILATION_CONDITIONS = DEBUG;
				SWIFT_OPTIMIZATION_LEVEL = "-Onone";
			};
			name = Debug;
		};
		7F42A15027CFA9330059316C /* Release */ = {
			isa = XCBuildConfiguration;
			buildSettings = {
				ALWAYS_SEARCH_USER_PATHS = NO;
				CLANG_ANALYZER_NONNULL = YES;
				CLANG_ANALYZER_NUMBER_OBJECT_CONVERSION = YES_AGGRESSIVE;
				CLANG_CXX_LANGUAGE_STANDARD = "gnu++17";
				CLANG_CXX_LIBRARY = "libc++";
				CLANG_ENABLE_MODULES = YES;
				CLANG_ENABLE_OBJC_ARC = YES;
				CLANG_ENABLE_OBJC_WEAK = YES;
				CLANG_WARN_BLOCK_CAPTURE_AUTORELEASING = YES;
				CLANG_WARN_BOOL_CONVERSION = YES;
				CLANG_WARN_COMMA = YES;
				CLANG_WARN_CONSTANT_CONVERSION = YES;
				CLANG_WARN_DEPRECATED_OBJC_IMPLEMENTATIONS = YES;
				CLANG_WARN_DIRECT_OBJC_ISA_USAGE = YES_ERROR;
				CLANG_WARN_DOCUMENTATION_COMMENTS = YES;
				CLANG_WARN_EMPTY_BODY = YES;
				CLANG_WARN_ENUM_CONVERSION = YES;
				CLANG_WARN_INFINITE_RECURSION = YES;
				CLANG_WARN_INT_CONVERSION = YES;
				CLANG_WARN_NON_LITERAL_NULL_CONVERSION = YES;
				CLANG_WARN_OBJC_IMPLICIT_RETAIN_SELF = YES;
				CLANG_WARN_OBJC_LITERAL_CONVERSION = YES;
				CLANG_WARN_OBJC_ROOT_CLASS = YES_ERROR;
				CLANG_WARN_QUOTED_INCLUDE_IN_FRAMEWORK_HEADER = YES;
				CLANG_WARN_RANGE_LOOP_ANALYSIS = YES;
				CLANG_WARN_STRICT_PROTOTYPES = YES;
				CLANG_WARN_SUSPICIOUS_MOVE = YES;
				CLANG_WARN_UNGUARDED_AVAILABILITY = YES_AGGRESSIVE;
				CLANG_WARN_UNREACHABLE_CODE = YES;
				CLANG_WARN__DUPLICATE_METHOD_MATCH = YES;
				COPY_PHASE_STRIP = NO;
				DEBUG_INFORMATION_FORMAT = "dwarf-with-dsym";
				ENABLE_NS_ASSERTIONS = NO;
				ENABLE_STRICT_OBJC_MSGSEND = YES;
				GCC_C_LANGUAGE_STANDARD = gnu11;
				GCC_NO_COMMON_BLOCKS = YES;
				GCC_WARN_64_TO_32_BIT_CONVERSION = YES;
				GCC_WARN_ABOUT_RETURN_TYPE = YES_ERROR;
				GCC_WARN_UNDECLARED_SELECTOR = YES;
				GCC_WARN_UNINITIALIZED_AUTOS = YES_AGGRESSIVE;
				GCC_WARN_UNUSED_FUNCTION = YES;
				GCC_WARN_UNUSED_VARIABLE = YES;
				IPHONEOS_DEPLOYMENT_TARGET = 15.0;
				MTL_ENABLE_DEBUG_INFO = NO;
				MTL_FAST_MATH = YES;
				SDKROOT = iphoneos;
				SWIFT_COMPILATION_MODE = wholemodule;
				SWIFT_OPTIMIZATION_LEVEL = "-O";
				VALIDATE_PRODUCT = YES;
			};
			name = Release;
		};
		7F42A15227CFA9330059316C /* Debug */ = {
			isa = XCBuildConfiguration;
			buildSettings = {
				ASSETCATALOG_COMPILER_APPICON_NAME = AppIcon;
				ASSETCATALOG_COMPILER_GLOBAL_ACCENT_COLOR_NAME = AccentColor;
				CODE_SIGN_STYLE = Automatic;
				CURRENT_PROJECT_VERSION = 1;
				DEVELOPMENT_ASSET_PATHS = "\"LBTASwiftUIFirebaseChat/Preview Content\"";
				DEVELOPMENT_TEAM = 6X77L72T5T;
				ENABLE_PREVIEWS = YES;
				GENERATE_INFOPLIST_FILE = YES;
				INFOPLIST_KEY_UIApplicationSceneManifest_Generation = YES;
				INFOPLIST_KEY_UIApplicationSupportsIndirectInputEvents = YES;
				INFOPLIST_KEY_UILaunchScreen_Generation = YES;
				INFOPLIST_KEY_UISupportedInterfaceOrientations_iPad = "UIInterfaceOrientationPortrait UIInterfaceOrientationPortraitUpsideDown UIInterfaceOrientationLandscapeLeft UIInterfaceOrientationLandscapeRight";
				INFOPLIST_KEY_UISupportedInterfaceOrientations_iPhone = "UIInterfaceOrientationPortrait UIInterfaceOrientationLandscapeLeft UIInterfaceOrientationLandscapeRight";
				LD_RUNPATH_SEARCH_PATHS = (
					"$(inherited)",
					"@executable_path/Frameworks",
				);
				MARKETING_VERSION = 1.0;
				PRODUCT_BUNDLE_IDENTIFIER = com.lbta.LBTASwiftUIFirebaseChat;
				PRODUCT_NAME = "$(TARGET_NAME)";
				SWIFT_EMIT_LOC_STRINGS = YES;
				SWIFT_VERSION = 5.0;
				TARGETED_DEVICE_FAMILY = "1,2";
			};
			name = Debug;
		};
		7F42A15327CFA9330059316C /* Release */ = {
			isa = XCBuildConfiguration;
			buildSettings = {
				ASSETCATALOG_COMPILER_APPICON_NAME = AppIcon;
				ASSETCATALOG_COMPILER_GLOBAL_ACCENT_COLOR_NAME = AccentColor;
				CODE_SIGN_STYLE = Automatic;
				CURRENT_PROJECT_VERSION = 1;
				DEVELOPMENT_ASSET_PATHS = "\"LBTASwiftUIFirebaseChat/Preview Content\"";
				DEVELOPMENT_TEAM = 6X77L72T5T;
				ENABLE_PREVIEWS = YES;
				GENERATE_INFOPLIST_FILE = YES;
				INFOPLIST_KEY_UIApplicationSceneManifest_Generation = YES;
				INFOPLIST_KEY_UIApplicationSupportsIndirectInputEvents = YES;
				INFOPLIST_KEY_UILaunchScreen_Generation = YES;
				INFOPLIST_KEY_UISupportedInterfaceOrientations_iPad = "UIInterfaceOrientationPortrait UIInterfaceOrientationPortraitUpsideDown UIInterfaceOrientationLandscapeLeft UIInterfaceOrientationLandscapeRight";
				INFOPLIST_KEY_UISupportedInterfaceOrientations_iPhone = "UIInterfaceOrientationPortrait UIInterfaceOrientationLandscapeLeft UIInterfaceOrientationLandscapeRight";
				LD_RUNPATH_SEARCH_PATHS = (
					"$(inherited)",
					"@executable_path/Frameworks",
				);
				MARKETING_VERSION = 1.0;
				PRODUCT_BUNDLE_IDENTIFIER = com.lbta.LBTASwiftUIFirebaseChat;
				PRODUCT_NAME = "$(TARGET_NAME)";
				SWIFT_EMIT_LOC_STRINGS = YES;
				SWIFT_VERSION = 5.0;
				TARGETED_DEVICE_FAMILY = "1,2";
			};
			name = Release;
		};
		7F42A15527CFA9330059316C /* Debug */ = {
			isa = XCBuildConfiguration;
			buildSettings = {
				ALWAYS_EMBED_SWIFT_STANDARD_LIBRARIES = YES;
				BUNDLE_LOADER = "$(TEST_HOST)";
				CODE_SIGN_STYLE = Automatic;
				CURRENT_PROJECT_VERSION = 1;
				DEVELOPMENT_TEAM = 6X77L72T5T;
				GENERATE_INFOPLIST_FILE = YES;
				IPHONEOS_DEPLOYMENT_TARGET = 15.0;
				LD_RUNPATH_SEARCH_PATHS = (
					"$(inherited)",
					"@executable_path/Frameworks",
					"@loader_path/Frameworks",
				);
				MARKETING_VERSION = 1.0;
				PRODUCT_BUNDLE_IDENTIFIER = com.lbta.LBTASwiftUIFirebaseChatTests;
				PRODUCT_NAME = "$(TARGET_NAME)";
				SWIFT_EMIT_LOC_STRINGS = NO;
				SWIFT_VERSION = 5.0;
				TARGETED_DEVICE_FAMILY = "1,2";
				TEST_HOST = "$(BUILT_PRODUCTS_DIR)/LBTASwiftUIFirebaseChat.app/LBTASwiftUIFirebaseChat";
			};
			name = Debug;
		};
		7F42A15627CFA9330059316C /* Release */ = {
			isa = XCBuildConfiguration;
			buildSettings = {
				ALWAYS_EMBED_SWIFT_STANDARD_LIBRARIES = YES;
				BUNDLE_LOADER = "$(TEST_HOST)";
				CODE_SIGN_STYLE = Automatic;
				CURRENT_PROJECT_VERSION = 1;
				DEVELOPMENT_TEAM = 6X77L72T5T;
				GENERATE_INFOPLIST_FILE = YES;
				IPHONEOS_DEPLOYMENT_TARGET = 15.0;
				LD_RUNPATH_SEARCH_PATHS = (
					"$(inherited)",
					"@executable_path/Frameworks",
					"@loader_path/Frameworks",
				);
				MARKETING_VERSION = 1.0;
				PRODUCT_BUNDLE_IDENTIFIER = com.lbta.LBTASwiftUIFirebaseChatTests;
				PRODUCT_NAME = "$(TARGET_NAME)";
				SWIFT_EMIT_LOC_STRINGS = NO;
				SWIFT_VERSION = 5.0;
				TARGETED_DEVICE_FAMILY = "1,2";
				TEST_HOST = "$(BUILT_PRODUCTS_DIR)/LBTASwiftUIFirebaseChat.app/LBTASwiftUIFirebaseChat";
			};
			name = Release;
		};
		7F42A15827CFA9330059316C /* Debug */ = {
			isa = XCBuildConfiguration;
			buildSettings = {
				ALWAYS_EMBED_SWIFT_STANDARD_LIBRARIES = YES;
				CODE_SIGN_STYLE = Automatic;
				CURRENT_PROJECT_VERSION = 1;
				DEVELOPMENT_TEAM = 6X77L72T5T;
				GENERATE_INFOPLIST_FILE = YES;
				LD_RUNPATH_SEARCH_PATHS = (
					"$(inherited)",
					"@executable_path/Frameworks",
					"@loader_path/Frameworks",
				);
				MARKETING_VERSION = 1.0;
				PRODUCT_BUNDLE_IDENTIFIER = com.lbta.LBTASwiftUIFirebaseChatUITests;
				PRODUCT_NAME = "$(TARGET_NAME)";
				SWIFT_EMIT_LOC_STRINGS = NO;
				SWIFT_VERSION = 5.0;
				TARGETED_DEVICE_FAMILY = "1,2";
				TEST_TARGET_NAME = LBTASwiftUIFirebaseChat;
			};
			name = Debug;
		};
		7F42A15927CFA9330059316C /* Release */ = {
			isa = XCBuildConfiguration;
			buildSettings = {
				ALWAYS_EMBED_SWIFT_STANDARD_LIBRARIES = YES;
				CODE_SIGN_STYLE = Automatic;
				CURRENT_PROJECT_VERSION = 1;
				DEVELOPMENT_TEAM = 6X77L72T5T;
				GENERATE_INFOPLIST_FILE = YES;
				LD_RUNPATH_SEARCH_PATHS = (
					"$(inherited)",
					"@executable_path/Frameworks",
					"@loader_path/Frameworks",
				);
				MARKETING_VERSION = 1.0;
				PRODUCT_BUNDLE_IDENTIFIER = com.lbta.LBTASwiftUIFirebaseChatUITests;
				PRODUCT_NAME = "$(TARGET_NAME)";
				SWIFT_EMIT_LOC_STRINGS = NO;
				SWIFT_VERSION = 5.0;
				TARGETED_DEVICE_FAMILY = "1,2";
				TEST_TARGET_NAME = LBTASwiftUIFirebaseChat;
			};
			name = Release;
		};
/* End XCBuildConfiguration section */

/* Begin XCConfigurationList section */
		7F42A12827CFA9320059316C /* Build configuration list for PBXProject "LBTASwiftUIFirebaseChat" */ = {
			isa = XCConfigurationList;
			buildConfigurations = (
				7F42A14F27CFA9330059316C /* Debug */,
				7F42A15027CFA9330059316C /* Release */,
			);
			defaultConfigurationIsVisible = 0;
			defaultConfigurationName = Release;
		};
		7F42A15127CFA9330059316C /* Build configuration list for PBXNativeTarget "LBTASwiftUIFirebaseChat" */ = {
			isa = XCConfigurationList;
			buildConfigurations = (
				7F42A15227CFA9330059316C /* Debug */,
				7F42A15327CFA9330059316C /* Release */,
			);
			defaultConfigurationIsVisible = 0;
			defaultConfigurationName = Release;
		};
		7F42A15427CFA9330059316C /* Build configuration list for PBXNativeTarget "LBTASwiftUIFirebaseChatTests" */ = {
			isa = XCConfigurationList;
			buildConfigurations = (
				7F42A15527CFA9330059316C /* Debug */,
				7F42A15627CFA9330059316C /* Release */,
			);
			defaultConfigurationIsVisible = 0;
			defaultConfigurationName = Release;
		};
		7F42A15727CFA9330059316C /* Build configuration list for PBXNativeTarget "LBTASwiftUIFirebaseChatUITests" */ = {
			isa = XCConfigurationList;
			buildConfigurations = (
				7F42A15827CFA9330059316C /* Debug */,
				7F42A15927CFA9330059316C /* Release */,
			);
			defaultConfigurationIsVisible = 0;
			defaultConfigurationName = Release;
		};
/* End XCConfigurationList section */
	};
	rootObject = 7F42A12527CFA9320059316C /* Project object */;
}
